
Microsoft Visual Studio Solution File, Format Version 12.00
# Visual Studio Version 17
VisualStudioVersion = 17.12.35521.163 d17.12
MinimumVisualStudioVersion = 10.0.40219.1
Project("{FAE04EC0-301F-11D3-BF4B-00C04F79EFBC}") = "WPF_Distant", "WPF_Distant\WPF_Distant.csproj", "{D464F57B-A511-43E8-BCC4-4237C0DCE135}"
EndProject
Global
	GlobalSection(SolutionConfigurationPlatforms) = preSolution
		Debug|Any CPU = Debug|Any CPU
		Release|Any CPU = Release|Any CPU
	EndGlobalSection
	GlobalSection(ProjectConfigurationPlatforms) = postSolution
		{D464F57B-A511-43E8-BCC4-4237C0DCE135}.Debug|Any CPU.ActiveCfg = Debug|Any CPU
		{D464F57B-A511-43E8-BCC4-4237C0DCE135}.Debug|Any CPU.Build.0 = Debug|Any CPU
		{D464F57B-A511-43E8-BCC4-4237C0DCE135}.Release|Any CPU.ActiveCfg = Release|Any CPU
		{D464F57B-A511-43E8-BCC4-4237C0DCE135}.Release|Any CPU.Build.0 = Release|Any CPU
	EndGlobalSection
	GlobalSection(SolutionProperties) = preSolution
		HideSolutionNode = FALSE
	EndGlobalSection
EndGlobal
